
Microsoft Visual Studio Solution File, Format Version 12.00
# Visual Studio Version 17
VisualStudioVersion = 17.4.33213.308
MinimumVisualStudioVersion = 10.0.40219.1
Project("{FAE04EC0-301F-11D3-BF4B-00C04F79EFBC}") = "Funcionalidad_GetPromedio", "Funcionalidad_GetPromedio\Funcionalidad_GetPromedio.csproj", "{0EEB53DB-6143-43B3-8F48-796A2F548530}"
EndProject
Global
	GlobalSection(SolutionConfigurationPlatforms) = preSolution
		Debug|Any CPU = Debug|Any CPU
		Release|Any CPU = Release|Any CPU
	EndGlobalSection
	GlobalSection(ProjectConfigurationPlatforms) = postSolution
		{0EEB53DB-6143-43B3-8F48-796A2F548530}.Debug|Any CPU.ActiveCfg = Debug|Any CPU
		{0EEB53DB-6143-43B3-8F48-796A2F548530}.Debug|Any CPU.Build.0 = Debug|Any CPU
		{0EEB53DB-6143-43B3-8F48-796A2F548530}.Release|Any CPU.ActiveCfg = Release|Any CPU
		{0EEB53DB-6143-43B3-8F48-796A2F548530}.Release|Any CPU.Build.0 = Release|Any CPU
	EndGlobalSection
	GlobalSection(SolutionProperties) = preSolution
		HideSolutionNode = FALSE
	EndGlobalSection
	GlobalSection(ExtensibilityGlobals) = postSolution
		SolutionGuid = {E4081B5C-52DA-414D-9AAE-E07F273B7993}
	EndGlobalSection
EndGlobal
